# This file is automatically @generated by Cargo.
# It is not intended for manual editing.
[[package]]
name = "arguably"
version = "2.0.0-alpha.1"
source = "registry+https://github.com/rust-lang/crates.io-index"
checksum = "b0a4b155e3403c59a7aada390adf96a90e946db4898160c780eca4aa54095a6d"

[[package]]
name = "hexbomb"
version = "0.1.0"
dependencies = [
 "arguably",
]
