# This file is automatically @generated by Cargo.
# It is not intended for manual editing.
[[package]]
name = "arguably"
version = "1.0.0"
source = "registry+https://github.com/rust-lang/crates.io-index"
checksum = "f318abfeef18f4d87bd9369485ad3d22d397fe48d712f272481a180923b8a369"

[[package]]
name = "hexbomb"
version = "0.1.0"
dependencies = [
 "arguably",
]
